
Microsoft Visual Studio Solution File, Format Version 12.00
# Visual Studio Version 17
VisualStudioVersion = 17.5.002.0
MinimumVisualStudioVersion = 10.0.40219.1
Project("{9A19103F-16F7-4668-BE54-9A1E7A4F7556}") = "BlogFrontend", "BlogFrontend.csproj", "{DB74474B-7545-4696-B476-BDD5F2BCBC11}"
EndProject
Global
	GlobalSection(SolutionConfigurationPlatforms) = preSolution
		Debug|Any CPU = Debug|Any CPU
		Release|Any CPU = Release|Any CPU
	EndGlobalSection
	GlobalSection(ProjectConfigurationPlatforms) = postSolution
		{DB74474B-7545-4696-B476-BDD5F2BCBC11}.Debug|Any CPU.ActiveCfg = Debug|Any CPU
		{DB74474B-7545-4696-B476-BDD5F2BCBC11}.Debug|Any CPU.Build.0 = Debug|Any CPU
		{DB74474B-7545-4696-B476-BDD5F2BCBC11}.Release|Any CPU.ActiveCfg = Release|Any CPU
		{DB74474B-7545-4696-B476-BDD5F2BCBC11}.Release|Any CPU.Build.0 = Release|Any CPU
	EndGlobalSection
	GlobalSection(SolutionProperties) = preSolution
		HideSolutionNode = FALSE
	EndGlobalSection
	GlobalSection(ExtensibilityGlobals) = postSolution
		SolutionGuid = {51DE69C7-FD20-4148-BF5D-76DDE0D6DBA4}
	EndGlobalSection
EndGlobal
